
Microsoft Visual Studio Solution File, Format Version 12.00
# Visual Studio Version 16
VisualStudioVersion = 16.0.30907.101
MinimumVisualStudioVersion = 10.0.40219.1
Project("{8BC9CEB8-8B4A-11D0-8D11-00A0C91BC942}") = "C语言黑客特效 黑客数字雨", "C语言黑客特效 黑客数字雨\C语言黑客特效 黑客数字雨.vcxproj", "{D6879185-4B4F-4777-BBFD-AA1A375BC765}"
EndProject
Global
	GlobalSection(SolutionConfigurationPlatforms) = preSolution
		Debug|x64 = Debug|x64
		Debug|x86 = Debug|x86
		Release|x64 = Release|x64
		Release|x86 = Release|x86
	EndGlobalSection
	GlobalSection(ProjectConfigurationPlatforms) = postSolution
		{D6879185-4B4F-4777-BBFD-AA1A375BC765}.Debug|x64.ActiveCfg = Debug|x64
		{D6879185-4B4F-4777-BBFD-AA1A375BC765}.Debug|x64.Build.0 = Debug|x64
		{D6879185-4B4F-4777-BBFD-AA1A375BC765}.Debug|x86.ActiveCfg = Debug|Win32
		{D6879185-4B4F-4777-BBFD-AA1A375BC765}.Debug|x86.Build.0 = Debug|Win32
		{D6879185-4B4F-4777-BBFD-AA1A375BC765}.Release|x64.ActiveCfg = Release|x64
		{D6879185-4B4F-4777-BBFD-AA1A375BC765}.Release|x64.Build.0 = Release|x64
		{D6879185-4B4F-4777-BBFD-AA1A375BC765}.Release|x86.ActiveCfg = Release|Win32
		{D6879185-4B4F-4777-BBFD-AA1A375BC765}.Release|x86.Build.0 = Release|Win32
	EndGlobalSection
	GlobalSection(SolutionProperties) = preSolution
		HideSolutionNode = FALSE
	EndGlobalSection
	GlobalSection(ExtensibilityGlobals) = postSolution
		SolutionGuid = {A6ED7356-DD63-4706-9BB0-4D6F9DF8EB41}
	EndGlobalSection
EndGlobal
