
Microsoft Visual Studio Solution File, Format Version 12.00
# Visual Studio Version 16
VisualStudioVersion = 16.0.30717.126
MinimumVisualStudioVersion = 10.0.40219.1
Project("{8BC9CEB8-8B4A-11D0-8D11-00A0C91BC942}") = "C语言 第十四章结构体图书馆 14.1.1", "C语言 第十四章结构体图书馆 14.1.1.vcxproj", "{802BCA96-B99A-40A2-B109-B1570F8326A0}"
EndProject
Global
	GlobalSection(SolutionConfigurationPlatforms) = preSolution
		Debug|x64 = Debug|x64
		Debug|x86 = Debug|x86
		Release|x64 = Release|x64
		Release|x86 = Release|x86
	EndGlobalSection
	GlobalSection(ProjectConfigurationPlatforms) = postSolution
		{802BCA96-B99A-40A2-B109-B1570F8326A0}.Debug|x64.ActiveCfg = Debug|x64
		{802BCA96-B99A-40A2-B109-B1570F8326A0}.Debug|x64.Build.0 = Debug|x64
		{802BCA96-B99A-40A2-B109-B1570F8326A0}.Debug|x86.ActiveCfg = Debug|Win32
		{802BCA96-B99A-40A2-B109-B1570F8326A0}.Debug|x86.Build.0 = Debug|Win32
		{802BCA96-B99A-40A2-B109-B1570F8326A0}.Release|x64.ActiveCfg = Release|x64
		{802BCA96-B99A-40A2-B109-B1570F8326A0}.Release|x64.Build.0 = Release|x64
		{802BCA96-B99A-40A2-B109-B1570F8326A0}.Release|x86.ActiveCfg = Release|Win32
		{802BCA96-B99A-40A2-B109-B1570F8326A0}.Release|x86.Build.0 = Release|Win32
	EndGlobalSection
	GlobalSection(SolutionProperties) = preSolution
		HideSolutionNode = FALSE
	EndGlobalSection
	GlobalSection(ExtensibilityGlobals) = postSolution
		SolutionGuid = {3A1B66B8-FF40-47D7-9676-3346E59DC3B0}
	EndGlobalSection
EndGlobal
